
Microsoft Visual Studio Solution File, Format Version 12.00
# Visual Studio Version 16
VisualStudioVersion = 16.0.32510.428
MinimumVisualStudioVersion = 10.0.40219.1
Project("{FAE04EC0-301F-11D3-BF4B-00C04F79EFBC}") = "Exam Prep", "Exam Prep\Exam Prep.csproj", "{48A2BF00-F95F-492D-8272-0A3C4991C43E}"
EndProject
Global
	GlobalSection(SolutionConfigurationPlatforms) = preSolution
		Debug|Any CPU = Debug|Any CPU
		Release|Any CPU = Release|Any CPU
	EndGlobalSection
	GlobalSection(ProjectConfigurationPlatforms) = postSolution
		{48A2BF00-F95F-492D-8272-0A3C4991C43E}.Debug|Any CPU.ActiveCfg = Debug|Any CPU
		{48A2BF00-F95F-492D-8272-0A3C4991C43E}.Debug|Any CPU.Build.0 = Debug|Any CPU
		{48A2BF00-F95F-492D-8272-0A3C4991C43E}.Release|Any CPU.ActiveCfg = Release|Any CPU
		{48A2BF00-F95F-492D-8272-0A3C4991C43E}.Release|Any CPU.Build.0 = Release|Any CPU
	EndGlobalSection
	GlobalSection(SolutionProperties) = preSolution
		HideSolutionNode = FALSE
	EndGlobalSection
	GlobalSection(ExtensibilityGlobals) = postSolution
		SolutionGuid = {0D3D179F-A192-4196-BD7F-3C9EDF8E12B4}
	EndGlobalSection
EndGlobal
